
Microsoft Visual Studio Solution File, Format Version 12.00
# Visual Studio 15
VisualStudioVersion = 15.0.26730.12
MinimumVisualStudioVersion = 10.0.40219.1
Project("{888888A0-9F3D-457C-B088-3A5042F75D52}") = "GLOS_buoy_tools", "GLOS_buoy_tools.pyproj", "{7B10CE30-9055-43B8-BDDA-1D2EA0A5AF49}"
EndProject
Global
	GlobalSection(SolutionConfigurationPlatforms) = preSolution
		Debug|Any CPU = Debug|Any CPU
		Release|Any CPU = Release|Any CPU
	EndGlobalSection
	GlobalSection(ProjectConfigurationPlatforms) = postSolution
		{7B10CE30-9055-43B8-BDDA-1D2EA0A5AF49}.Debug|Any CPU.ActiveCfg = Debug|Any CPU
		{7B10CE30-9055-43B8-BDDA-1D2EA0A5AF49}.Debug|Any CPU.Build.0 = Debug|Any CPU
		{7B10CE30-9055-43B8-BDDA-1D2EA0A5AF49}.Release|Any CPU.ActiveCfg = Release|Any CPU
		{7B10CE30-9055-43B8-BDDA-1D2EA0A5AF49}.Release|Any CPU.Build.0 = Release|Any CPU
	EndGlobalSection
	GlobalSection(SolutionProperties) = preSolution
		HideSolutionNode = FALSE
	EndGlobalSection
	GlobalSection(ExtensibilityGlobals) = postSolution
		SolutionGuid = {7800D05D-31EA-4F0C-B23F-BF0E29873E24}
	EndGlobalSection
EndGlobal
